
Microsoft Visual Studio Solution File, Format Version 12.00
# Visual Studio Version 16
VisualStudioVersion = 16.0.30907.101
MinimumVisualStudioVersion = 10.0.40219.1
Project("{9A19103F-16F7-4668-BE54-9A1E7A4F7556}") = "DataAccess", "DataAccess\DataAccess.csproj", "{4E00949D-75D2-4953-A9FA-0DA6697A6AEA}"
EndProject
Project("{9A19103F-16F7-4668-BE54-9A1E7A4F7556}") = "Business", "Business\Business.csproj", "{84C7DC33-8092-4566-983D-B25E74F56DE0}"
EndProject
Project("{9A19103F-16F7-4668-BE54-9A1E7A4F7556}") = "Entities", "Entities\Entities.csproj", "{BC01EA97-BF3D-4A98-B44C-80B83BDFA7C5}"
EndProject
Project("{9A19103F-16F7-4668-BE54-9A1E7A4F7556}") = "ConsoleUI", "ConsoleUI\ConsoleUI.csproj", "{8FC54748-B1F8-4187-93AC-6529E2D3D23A}"
EndProject
Project("{9A19103F-16F7-4668-BE54-9A1E7A4F7556}") = "Core", "Core\Core.csproj", "{AAB857A5-DAD4-4183-A629-067B7DE44793}"
EndProject
Project("{FAE04EC0-301F-11D3-BF4B-00C04F79EFBC}") = "WebAPI", "WebAPI\WebAPI.csproj", "{BE0539C8-19DC-408A-9776-D3B671F9AFC4}"
EndProject
Global
	GlobalSection(SolutionConfigurationPlatforms) = preSolution
		Debug|Any CPU = Debug|Any CPU
		Release|Any CPU = Release|Any CPU
	EndGlobalSection
	GlobalSection(ProjectConfigurationPlatforms) = postSolution
		{4E00949D-75D2-4953-A9FA-0DA6697A6AEA}.Debug|Any CPU.ActiveCfg = Debug|Any CPU
		{4E00949D-75D2-4953-A9FA-0DA6697A6AEA}.Debug|Any CPU.Build.0 = Debug|Any CPU
		{4E00949D-75D2-4953-A9FA-0DA6697A6AEA}.Release|Any CPU.ActiveCfg = Release|Any CPU
		{4E00949D-75D2-4953-A9FA-0DA6697A6AEA}.Release|Any CPU.Build.0 = Release|Any CPU
		{84C7DC33-8092-4566-983D-B25E74F56DE0}.Debug|Any CPU.ActiveCfg = Debug|Any CPU
		{84C7DC33-8092-4566-983D-B25E74F56DE0}.Debug|Any CPU.Build.0 = Debug|Any CPU
		{84C7DC33-8092-4566-983D-B25E74F56DE0}.Release|Any CPU.ActiveCfg = Release|Any CPU
		{84C7DC33-8092-4566-983D-B25E74F56DE0}.Release|Any CPU.Build.0 = Release|Any CPU
		{BC01EA97-BF3D-4A98-B44C-80B83BDFA7C5}.Debug|Any CPU.ActiveCfg = Debug|Any CPU
		{BC01EA97-BF3D-4A98-B44C-80B83BDFA7C5}.Debug|Any CPU.Build.0 = Debug|Any CPU
		{BC01EA97-BF3D-4A98-B44C-80B83BDFA7C5}.Release|Any CPU.ActiveCfg = Release|Any CPU
		{BC01EA97-BF3D-4A98-B44C-80B83BDFA7C5}.Release|Any CPU.Build.0 = Release|Any CPU
		{8FC54748-B1F8-4187-93AC-6529E2D3D23A}.Debug|Any CPU.ActiveCfg = Debug|Any CPU
		{8FC54748-B1F8-4187-93AC-6529E2D3D23A}.Debug|Any CPU.Build.0 = Debug|Any CPU
		{8FC54748-B1F8-4187-93AC-6529E2D3D23A}.Release|Any CPU.ActiveCfg = Release|Any CPU
		{8FC54748-B1F8-4187-93AC-6529E2D3D23A}.Release|Any CPU.Build.0 = Release|Any CPU
		{AAB857A5-DAD4-4183-A629-067B7DE44793}.Debug|Any CPU.ActiveCfg = Debug|Any CPU
		{AAB857A5-DAD4-4183-A629-067B7DE44793}.Debug|Any CPU.Build.0 = Debug|Any CPU
		{AAB857A5-DAD4-4183-A629-067B7DE44793}.Release|Any CPU.ActiveCfg = Release|Any CPU
		{AAB857A5-DAD4-4183-A629-067B7DE44793}.Release|Any CPU.Build.0 = Release|Any CPU
		{BE0539C8-19DC-408A-9776-D3B671F9AFC4}.Debug|Any CPU.ActiveCfg = Debug|Any CPU
		{BE0539C8-19DC-408A-9776-D3B671F9AFC4}.Debug|Any CPU.Build.0 = Debug|Any CPU
		{BE0539C8-19DC-408A-9776-D3B671F9AFC4}.Release|Any CPU.ActiveCfg = Release|Any CPU
		{BE0539C8-19DC-408A-9776-D3B671F9AFC4}.Release|Any CPU.Build.0 = Release|Any CPU
	EndGlobalSection
	GlobalSection(SolutionProperties) = preSolution
		HideSolutionNode = FALSE
	EndGlobalSection
	GlobalSection(ExtensibilityGlobals) = postSolution
		SolutionGuid = {318F8AFD-2B4D-49F9-A553-1F3534F34276}
	EndGlobalSection
EndGlobal
